{
  "name": "animato-js-angular-color",
  "version": "1.5.1",
  "lockfileVersion": 3,
  "requires": true,
  "packages": {
    "": {
      "name": "animato-js-angular-color",
      "version": "1.5.1",
      "dependencies": {
        "@aarambhdevhub/animato-core": "file:../../crates/animato-js/pkg"
      }
    },
    "../../crates/animato-js/pkg": {
      "name": "@aarambhdevhub/animato-core",
      "version": "1.5.1",
      "license": "MIT OR Apache-2.0"
    },
    "node_modules/@aarambhdevhub/animato-core": {
      "resolved": "../../crates/animato-js/pkg",
      "link": true
    }
  }
}
