# This file is automatically @generated by Cargo.
# It is not intended for manual editing.
version = 4

[[package]]
name = "animato"
version = "1.6.0"
dependencies = [
 "animato-color",
 "animato-core",
 "animato-devtools",
 "animato-driver",
 "animato-path",
 "animato-physics",
 "animato-spring",
 "animato-timeline",
 "animato-tween",
 "animato-wasm",
 "palette",
]

[[package]]
name = "animato-color"
version = "1.6.0"
dependencies = [
 "animato-core",
 "palette",
]

[[package]]
name = "animato-core"
version = "1.6.0"
dependencies = [
 "libm",
]

[[package]]
name = "animato-devtools"
version = "1.6.0"
dependencies = [
 "animato-core",
 "animato-driver",
 "animato-spring",
 "animato-timeline",
 "animato-tween",
]

[[package]]
name = "animato-driver"
version = "1.6.0"
dependencies = [
 "animato-core",
]

[[package]]
name = "animato-path"
version = "1.6.0"
dependencies = [
 "animato-core",
 "animato-tween",
 "libm",
]

[[package]]
name = "animato-physics"
version = "1.6.0"
dependencies = [
 "animato-core",
 "libm",
]

[[package]]
name = "animato-spring"
version = "1.6.0"
dependencies = [
 "animato-core",
]

[[package]]
name = "animato-timeline"
version = "1.6.0"
dependencies = [
 "animato-core",
 "animato-tween",
]

[[package]]
name = "animato-tween"
version = "1.6.0"
dependencies = [
 "animato-core",
]

[[package]]
name = "animato-wasm"
version = "1.6.0"
dependencies = [
 "animato-core",
 "animato-driver",
]

[[package]]
name = "approx"
version = "0.5.1"
source = "registry+https://github.com/rust-lang/crates.io-index"
checksum = "cab112f0a86d568ea0e627cc1d6be74a1e9cd55214684db5561995f6dad897c6"
dependencies = [
 "num-traits",
]

[[package]]
name = "autocfg"
version = "1.5.1"
source = "registry+https://github.com/rust-lang/crates.io-index"
checksum = "f2032f911046de80f0a198e0901378627c33f59ea0ac00e363d481118bd70a53"

[[package]]
name = "by_address"
version = "1.2.1"
source = "registry+https://github.com/rust-lang/crates.io-index"
checksum = "64fa3c856b712db6612c019f14756e64e4bcea13337a6b33b696333a9eaa2d06"

[[package]]
name = "devtools_web_overlay"
version = "0.1.0"
dependencies = [
 "animato",
]

[[package]]
name = "fast-srgb8"
version = "1.0.0"
source = "registry+https://github.com/rust-lang/crates.io-index"
checksum = "dd2e7510819d6fbf51a5545c8f922716ecfb14df168a3242f7d33e0239efe6a1"

[[package]]
name = "libm"
version = "0.2.16"
source = "registry+https://github.com/rust-lang/crates.io-index"
checksum = "b6d2cec3eae94f9f509c767b45932f1ada8350c4bdb85af2fcab4a3c14807981"

[[package]]
name = "num-traits"
version = "0.2.19"
source = "registry+https://github.com/rust-lang/crates.io-index"
checksum = "071dfc062690e90b734c0b2273ce72ad0ffa95f0c74596bc250dcfd960262841"
dependencies = [
 "autocfg",
]

[[package]]
name = "palette"
version = "0.7.6"
source = "registry+https://github.com/rust-lang/crates.io-index"
checksum = "4cbf71184cc5ecc2e4e1baccdb21026c20e5fc3dcf63028a086131b3ab00b6e6"
dependencies = [
 "approx",
 "fast-srgb8",
 "libm",
 "palette_derive",
]

[[package]]
name = "palette_derive"
version = "0.7.6"
source = "registry+https://github.com/rust-lang/crates.io-index"
checksum = "f5030daf005bface118c096f510ffb781fc28f9ab6a32ab224d8631be6851d30"
dependencies = [
 "by_address",
 "proc-macro2",
 "quote",
 "syn",
]

[[package]]
name = "proc-macro2"
version = "1.0.106"
source = "registry+https://github.com/rust-lang/crates.io-index"
checksum = "8fd00f0bb2e90d81d1044c2b32617f68fcb9fa3bb7640c23e9c748e53fb30934"
dependencies = [
 "unicode-ident",
]

[[package]]
name = "quote"
version = "1.0.45"
source = "registry+https://github.com/rust-lang/crates.io-index"
checksum = "41f2619966050689382d2b44f664f4bc593e129785a36d6ee376ddf37259b924"
dependencies = [
 "proc-macro2",
]

[[package]]
name = "syn"
version = "2.0.117"
source = "registry+https://github.com/rust-lang/crates.io-index"
checksum = "e665b8803e7b1d2a727f4023456bbbbe74da67099c585258af0ad9c5013b9b99"
dependencies = [
 "proc-macro2",
 "quote",
 "unicode-ident",
]

[[package]]
name = "unicode-ident"
version = "1.0.24"
source = "registry+https://github.com/rust-lang/crates.io-index"
checksum = "e6e4313cd5fcd3dad5cafa179702e2b244f760991f45397d14d4ebf38247da75"
